
Microsoft Visual Studio Solution File, Format Version 12.00
# Visual Studio Version 16
VisualStudioVersion = 16.0.31605.320
MinimumVisualStudioVersion = 10.0.40219.1
Project("{FAE04EC0-301F-11D3-BF4B-00C04F79EFBC}") = "ExperimentWithControls", "ExperimentWithControls\ExperimentWithControls.csproj", "{C90DB696-1001-4935-97D4-EC9E35E71D14}"
EndProject
Global
	GlobalSection(SolutionConfigurationPlatforms) = preSolution
		Debug|Any CPU = Debug|Any CPU
		Release|Any CPU = Release|Any CPU
	EndGlobalSection
	GlobalSection(ProjectConfigurationPlatforms) = postSolution
		{C90DB696-1001-4935-97D4-EC9E35E71D14}.Debug|Any CPU.ActiveCfg = Debug|Any CPU
		{C90DB696-1001-4935-97D4-EC9E35E71D14}.Debug|Any CPU.Build.0 = Debug|Any CPU
		{C90DB696-1001-4935-97D4-EC9E35E71D14}.Release|Any CPU.ActiveCfg = Release|Any CPU
		{C90DB696-1001-4935-97D4-EC9E35E71D14}.Release|Any CPU.Build.0 = Release|Any CPU
	EndGlobalSection
	GlobalSection(SolutionProperties) = preSolution
		HideSolutionNode = FALSE
	EndGlobalSection
	GlobalSection(ExtensibilityGlobals) = postSolution
		SolutionGuid = {6FF01C95-23CD-4004-98F4-0D9A225FDC46}
	EndGlobalSection
EndGlobal
